PODS:
  - Alamofire (5.4.3)
  - PinLayout (1.10.0)
  - SDWebImage (5.11.1):
    - SDWebImage/Core (= 5.11.1)
  - SDWebImage/Core (5.11.1)

DEPENDENCIES:
  - Alamofire (~> 5.4)
  - PinLayout
  - SDWebImage (~> 5.0)

SPEC REPOS:
  trunk:
    - Alamofire
    - PinLayout
    - SDWebImage

SPEC CHECKSUMS:
  Alamofire: e447a2774a40c996748296fa2c55112fdbbc42f9
  PinLayout: e50e9a748b632905fca6e67043ea4b05d6c92186
  SDWebImage: a7f831e1a65eb5e285e3fb046a23fcfbf08e696d

PODFILE CHECKSUM: d7335aa819f321e84e98f3e9661591d7b64d924b

COCOAPODS: 1.10.1
